
Microsoft Visual Studio Solution File, Format Version 12.00
# Visual Studio Version 16
VisualStudioVersion = 16.0.30621.155
MinimumVisualStudioVersion = 10.0.40219.1
Project("{FAE04EC0-301F-11D3-BF4B-00C04F79EFBC}") = "CSharpLessons", "CSharpLessons\CSharpLessons.csproj", "{EA62863B-3B59-4A4A-87A0-6975C0A18DE3}"
EndProject
Project("{2150E333-8FDC-42A3-9474-1A3956D46DE8}") = "Section 1", "Section 1", "{12A3DF7B-6F3C-42BA-802D-AD53474D29E9}"
EndProject
Project("{2150E333-8FDC-42A3-9474-1A3956D46DE8}") = "Section 2", "Section 2", "{128BBB2F-91E5-4070-9B7E-B88E6F7B76DB}"
EndProject
Project("{FAE04EC0-301F-11D3-BF4B-00C04F79EFBC}") = "ClassLibraryTest", "..\..\..\UltimateQA\ClassLibraryTest\ClassLibraryTest.csproj", "{C48E2DB6-3914-419D-A253-45DA96917771}"
EndProject
Project("{FAE04EC0-301F-11D3-BF4B-00C04F79EFBC}") = "ClassLibraryPractice", "..\..\..\UltimateQA\ClassLibraryPractice\ClassLibraryPractice.csproj", "{E99BBBE9-F317-435A-AC49-C446468343BD}"
EndProject
Project("{2150E333-8FDC-42A3-9474-1A3956D46DE8}") = "Section 3", "Section 3", "{35555E7C-7580-401E-BAAB-2E75300D23DF}"
EndProject
Project("{2150E333-8FDC-42A3-9474-1A3956D46DE8}") = "Section 4", "Section 4", "{8E95942B-8BF1-4861-873E-63D760F8681B}"
EndProject
Project("{FAE04EC0-301F-11D3-BF4B-00C04F79EFBC}") = "UnitTestProject", "..\..\Section 4\UnitTestProject\UnitTestProject\UnitTestProject.csproj", "{8D49438D-BDB8-49E1-B79E-97152D372798}"
EndProject
Project("{2150E333-8FDC-42A3-9474-1A3956D46DE8}") = "Section 5", "Section 5", "{F672A220-A238-41F7-A165-C7C60654FAC1}"
EndProject
Project("{FAE04EC0-301F-11D3-BF4B-00C04F79EFBC}") = "Section5", "..\..\Section 5\Section5\Section5.csproj", "{4AD59709-AFB6-4B65-9675-BD152962F828}"
EndProject
Project("{2150E333-8FDC-42A3-9474-1A3956D46DE8}") = "Section 6", "Section 6", "{827F6207-9383-4600-9E91-F1033D0E6954}"
EndProject
Project("{FAE04EC0-301F-11D3-BF4B-00C04F79EFBC}") = "Section7", "..\..\Section 7\Section7\Section7.csproj", "{20CE8D69-2670-4A8C-825A-51AAA011BD2A}"
EndProject
Project("{2150E333-8FDC-42A3-9474-1A3956D46DE8}") = "Section 7", "Section 7", "{FBC96FB5-93AB-4D10-A2BE-8E6F25D7A072}"
EndProject
Project("{FAE04EC0-301F-11D3-BF4B-00C04F79EFBC}") = "Section 7", "..\..\Section 7\Section 7\Section 7.csproj", "{970E01BF-E2B8-4F9F-8383-E790EADF11F4}"
EndProject
Project("{FAE04EC0-301F-11D3-BF4B-00C04F79EFBC}") = "LoopExample", "..\..\Section 7\LoopExample\LoopExample.csproj", "{26C08473-E1DF-4071-88EE-3C61B9FE1073}"
EndProject
Project("{2150E333-8FDC-42A3-9474-1A3956D46DE8}") = "Section 9", "Section 9", "{815B77B1-B5A0-4767-AC81-51621B76B044}"
EndProject
Project("{FAE04EC0-301F-11D3-BF4B-00C04F79EFBC}") = "Section 9", "..\..\Section 9\Section 9\Section 9.csproj", "{31FE3758-2665-440C-A9C0-2B5263260124}"
EndProject
Project("{2150E333-8FDC-42A3-9474-1A3956D46DE8}") = "Section 10", "Section 10", "{DEEE1F3E-4EE6-4911-89EE-F2815ACD16C3}"
EndProject
Project("{FAE04EC0-301F-11D3-BF4B-00C04F79EFBC}") = "Section 10", "..\..\Section 10\Section 10\Section 10.csproj", "{C55343A9-2FB0-4CF6-BC8A-0237F6F83146}"
EndProject
Project("{FAE04EC0-301F-11D3-BF4B-00C04F79EFBC}") = "CodingQuiz", "..\..\Section 10\CodingQuiz\CodingQuiz.csproj", "{25904EB3-291F-44F0-B349-0B975A5C56CE}"
EndProject
Project("{2150E333-8FDC-42A3-9474-1A3956D46DE8}") = "Section 11", "Section 11", "{84B25ED7-3706-48BB-8393-C63D0D8E562C}"
EndProject
Project("{FAE04EC0-301F-11D3-BF4B-00C04F79EFBC}") = "Section 11", "..\..\Section 11\Section 11\Section 11.csproj", "{57C17E33-9F9A-4D52-8670-8161991785AC}"
EndProject
Project("{2150E333-8FDC-42A3-9474-1A3956D46DE8}") = "Section 12", "Section 12", "{B31AF237-57B5-4977-B922-0B5CA150A871}"
EndProject
Project("{FAE04EC0-301F-11D3-BF4B-00C04F79EFBC}") = "Section12", "..\..\Section 12\Section12\Section12.csproj", "{A9DE5AA9-D8D0-4F1B-B251-5090C82BAB1E}"
EndProject
Project("{2150E333-8FDC-42A3-9474-1A3956D46DE8}") = "Section 13", "Section 13", "{228DEC74-D23D-4B99-9CEB-13D008ECCD86}"
EndProject
Project("{FAE04EC0-301F-11D3-BF4B-00C04F79EFBC}") = "Section13", "..\..\Section 13\Section13\Section13.csproj", "{E9F7D2B1-8FC2-49D7-979C-7FC36E441F3E}"
EndProject
Project("{2150E333-8FDC-42A3-9474-1A3956D46DE8}") = "Section 14", "Section 14", "{3C86670D-F5F9-4FD0-83D8-AEF4E4EC9A99}"
EndProject
Project("{FAE04EC0-301F-11D3-BF4B-00C04F79EFBC}") = "Section14", "..\..\Section 14\Section14\Section14.csproj", "{3FA908C6-5CC9-47CD-87BE-5EA337989592}"
EndProject
Project("{2150E333-8FDC-42A3-9474-1A3956D46DE8}") = "Section 15", "Section 15", "{BE260F1C-C26F-4404-B5CB-38A6960AC837}"
EndProject
Project("{FAE04EC0-301F-11D3-BF4B-00C04F79EFBC}") = "Section15", "..\..\Section 15\Section15\Section15.csproj", "{9CEE1998-C5E5-4901-82EF-59FBA97662BD}"
EndProject
Project("{2150E333-8FDC-42A3-9474-1A3956D46DE8}") = "Section 18-20", "Section 18-20", "{765792B4-F170-4491-8B1F-90DCACA13107}"
EndProject
Project("{FAE04EC0-301F-11D3-BF4B-00C04F79EFBC}") = "Section18", "..\..\Section 18\Section18\Section18.csproj", "{E816EB72-E789-4C33-94C6-5E95048B5AA7}"
EndProject
Project("{2150E333-8FDC-42A3-9474-1A3956D46DE8}") = "Section 21", "Section 21", "{3DA1CFFC-6338-47E0-86E3-F858EE4D9E22}"
EndProject
Project("{FAE04EC0-301F-11D3-BF4B-00C04F79EFBC}") = "Section21", "..\..\Section 21\Section21\Section21.csproj", "{E9079C57-4221-475A-B76F-34662AC9F662}"
EndProject
Global
	GlobalSection(SolutionConfigurationPlatforms) = preSolution
		Debug|Any CPU = Debug|Any CPU
		Release|Any CPU = Release|Any CPU
	EndGlobalSection
	GlobalSection(ProjectConfigurationPlatforms) = postSolution
		{EA62863B-3B59-4A4A-87A0-6975C0A18DE3}.Debug|Any CPU.ActiveCfg = Debug|Any CPU
		{EA62863B-3B59-4A4A-87A0-6975C0A18DE3}.Debug|Any CPU.Build.0 = Debug|Any CPU
		{EA62863B-3B59-4A4A-87A0-6975C0A18DE3}.Release|Any CPU.ActiveCfg = Release|Any CPU
		{EA62863B-3B59-4A4A-87A0-6975C0A18DE3}.Release|Any CPU.Build.0 = Release|Any CPU
		{C48E2DB6-3914-419D-A253-45DA96917771}.Debug|Any CPU.ActiveCfg = Debug|Any CPU
		{C48E2DB6-3914-419D-A253-45DA96917771}.Debug|Any CPU.Build.0 = Debug|Any CPU
		{C48E2DB6-3914-419D-A253-45DA96917771}.Release|Any CPU.ActiveCfg = Release|Any CPU
		{C48E2DB6-3914-419D-A253-45DA96917771}.Release|Any CPU.Build.0 = Release|Any CPU
		{E99BBBE9-F317-435A-AC49-C446468343BD}.Debug|Any CPU.ActiveCfg = Debug|Any CPU
		{E99BBBE9-F317-435A-AC49-C446468343BD}.Debug|Any CPU.Build.0 = Debug|Any CPU
		{E99BBBE9-F317-435A-AC49-C446468343BD}.Release|Any CPU.ActiveCfg = Release|Any CPU
		{E99BBBE9-F317-435A-AC49-C446468343BD}.Release|Any CPU.Build.0 = Release|Any CPU
		{8D49438D-BDB8-49E1-B79E-97152D372798}.Debug|Any CPU.ActiveCfg = Debug|Any CPU
		{8D49438D-BDB8-49E1-B79E-97152D372798}.Debug|Any CPU.Build.0 = Debug|Any CPU
		{8D49438D-BDB8-49E1-B79E-97152D372798}.Release|Any CPU.ActiveCfg = Release|Any CPU
		{8D49438D-BDB8-49E1-B79E-97152D372798}.Release|Any CPU.Build.0 = Release|Any CPU
		{4AD59709-AFB6-4B65-9675-BD152962F828}.Debug|Any CPU.ActiveCfg = Debug|Any CPU
		{4AD59709-AFB6-4B65-9675-BD152962F828}.Debug|Any CPU.Build.0 = Debug|Any CPU
		{4AD59709-AFB6-4B65-9675-BD152962F828}.Release|Any CPU.ActiveCfg = Release|Any CPU
		{4AD59709-AFB6-4B65-9675-BD152962F828}.Release|Any CPU.Build.0 = Release|Any CPU
		{20CE8D69-2670-4A8C-825A-51AAA011BD2A}.Debug|Any CPU.ActiveCfg = Debug|Any CPU
		{20CE8D69-2670-4A8C-825A-51AAA011BD2A}.Debug|Any CPU.Build.0 = Debug|Any CPU
		{20CE8D69-2670-4A8C-825A-51AAA011BD2A}.Release|Any CPU.ActiveCfg = Release|Any CPU
		{20CE8D69-2670-4A8C-825A-51AAA011BD2A}.Release|Any CPU.Build.0 = Release|Any CPU
		{970E01BF-E2B8-4F9F-8383-E790EADF11F4}.Debug|Any CPU.ActiveCfg = Debug|Any CPU
		{970E01BF-E2B8-4F9F-8383-E790EADF11F4}.Debug|Any CPU.Build.0 = Debug|Any CPU
		{970E01BF-E2B8-4F9F-8383-E790EADF11F4}.Release|Any CPU.ActiveCfg = Release|Any CPU
		{970E01BF-E2B8-4F9F-8383-E790EADF11F4}.Release|Any CPU.Build.0 = Release|Any CPU
		{26C08473-E1DF-4071-88EE-3C61B9FE1073}.Debug|Any CPU.ActiveCfg = Debug|Any CPU
		{26C08473-E1DF-4071-88EE-3C61B9FE1073}.Debug|Any CPU.Build.0 = Debug|Any CPU
		{26C08473-E1DF-4071-88EE-3C61B9FE1073}.Release|Any CPU.ActiveCfg = Release|Any CPU
		{26C08473-E1DF-4071-88EE-3C61B9FE1073}.Release|Any CPU.Build.0 = Release|Any CPU
		{31FE3758-2665-440C-A9C0-2B5263260124}.Debug|Any CPU.ActiveCfg = Debug|Any CPU
		{31FE3758-2665-440C-A9C0-2B5263260124}.Debug|Any CPU.Build.0 = Debug|Any CPU
		{31FE3758-2665-440C-A9C0-2B5263260124}.Release|Any CPU.ActiveCfg = Release|Any CPU
		{31FE3758-2665-440C-A9C0-2B5263260124}.Release|Any CPU.Build.0 = Release|Any CPU
		{C55343A9-2FB0-4CF6-BC8A-0237F6F83146}.Debug|Any CPU.ActiveCfg = Debug|Any CPU
		{C55343A9-2FB0-4CF6-BC8A-0237F6F83146}.Debug|Any CPU.Build.0 = Debug|Any CPU
		{C55343A9-2FB0-4CF6-BC8A-0237F6F83146}.Release|Any CPU.ActiveCfg = Release|Any CPU
		{C55343A9-2FB0-4CF6-BC8A-0237F6F83146}.Release|Any CPU.Build.0 = Release|Any CPU
		{25904EB3-291F-44F0-B349-0B975A5C56CE}.Debug|Any CPU.ActiveCfg = Debug|Any CPU
		{25904EB3-291F-44F0-B349-0B975A5C56CE}.Debug|Any CPU.Build.0 = Debug|Any CPU
		{25904EB3-291F-44F0-B349-0B975A5C56CE}.Release|Any CPU.ActiveCfg = Release|Any CPU
		{25904EB3-291F-44F0-B349-0B975A5C56CE}.Release|Any CPU.Build.0 = Release|Any CPU
		{57C17E33-9F9A-4D52-8670-8161991785AC}.Debug|Any CPU.ActiveCfg = Debug|Any CPU
		{57C17E33-9F9A-4D52-8670-8161991785AC}.Debug|Any CPU.Build.0 = Debug|Any CPU
		{57C17E33-9F9A-4D52-8670-8161991785AC}.Release|Any CPU.ActiveCfg = Release|Any CPU
		{57C17E33-9F9A-4D52-8670-8161991785AC}.Release|Any CPU.Build.0 = Release|Any CPU
		{A9DE5AA9-D8D0-4F1B-B251-5090C82BAB1E}.Debug|Any CPU.ActiveCfg = Debug|Any CPU
		{A9DE5AA9-D8D0-4F1B-B251-5090C82BAB1E}.Debug|Any CPU.Build.0 = Debug|Any CPU
		{A9DE5AA9-D8D0-4F1B-B251-5090C82BAB1E}.Release|Any CPU.ActiveCfg = Release|Any CPU
		{A9DE5AA9-D8D0-4F1B-B251-5090C82BAB1E}.Release|Any CPU.Build.0 = Release|Any CPU
		{E9F7D2B1-8FC2-49D7-979C-7FC36E441F3E}.Debug|Any CPU.ActiveCfg = Debug|Any CPU
		{E9F7D2B1-8FC2-49D7-979C-7FC36E441F3E}.Debug|Any CPU.Build.0 = Debug|Any CPU
		{E9F7D2B1-8FC2-49D7-979C-7FC36E441F3E}.Release|Any CPU.ActiveCfg = Release|Any CPU
		{E9F7D2B1-8FC2-49D7-979C-7FC36E441F3E}.Release|Any CPU.Build.0 = Release|Any CPU
		{3FA908C6-5CC9-47CD-87BE-5EA337989592}.Debug|Any CPU.ActiveCfg = Debug|Any CPU
		{3FA908C6-5CC9-47CD-87BE-5EA337989592}.Debug|Any CPU.Build.0 = Debug|Any CPU
		{3FA908C6-5CC9-47CD-87BE-5EA337989592}.Release|Any CPU.ActiveCfg = Release|Any CPU
		{3FA908C6-5CC9-47CD-87BE-5EA337989592}.Release|Any CPU.Build.0 = Release|Any CPU
		{9CEE1998-C5E5-4901-82EF-59FBA97662BD}.Debug|Any CPU.ActiveCfg = Debug|Any CPU
		{9CEE1998-C5E5-4901-82EF-59FBA97662BD}.Debug|Any CPU.Build.0 = Debug|Any CPU
		{9CEE1998-C5E5-4901-82EF-59FBA97662BD}.Release|Any CPU.ActiveCfg = Release|Any CPU
		{9CEE1998-C5E5-4901-82EF-59FBA97662BD}.Release|Any CPU.Build.0 = Release|Any CPU
		{E816EB72-E789-4C33-94C6-5E95048B5AA7}.Debug|Any CPU.ActiveCfg = Debug|Any CPU
		{E816EB72-E789-4C33-94C6-5E95048B5AA7}.Debug|Any CPU.Build.0 = Debug|Any CPU
		{E816EB72-E789-4C33-94C6-5E95048B5AA7}.Release|Any CPU.ActiveCfg = Release|Any CPU
		{E816EB72-E789-4C33-94C6-5E95048B5AA7}.Release|Any CPU.Build.0 = Release|Any CPU
		{E9079C57-4221-475A-B76F-34662AC9F662}.Debug|Any CPU.ActiveCfg = Debug|Any CPU
		{E9079C57-4221-475A-B76F-34662AC9F662}.Debug|Any CPU.Build.0 = Debug|Any CPU
		{E9079C57-4221-475A-B76F-34662AC9F662}.Release|Any CPU.ActiveCfg = Release|Any CPU
		{E9079C57-4221-475A-B76F-34662AC9F662}.Release|Any CPU.Build.0 = Release|Any CPU
	EndGlobalSection
	GlobalSection(SolutionProperties) = preSolution
		HideSolutionNode = FALSE
	EndGlobalSection
	GlobalSection(NestedProjects) = preSolution
		{EA62863B-3B59-4A4A-87A0-6975C0A18DE3} = {12A3DF7B-6F3C-42BA-802D-AD53474D29E9}
		{C48E2DB6-3914-419D-A253-45DA96917771} = {128BBB2F-91E5-4070-9B7E-B88E6F7B76DB}
		{E99BBBE9-F317-435A-AC49-C446468343BD} = {128BBB2F-91E5-4070-9B7E-B88E6F7B76DB}
		{8D49438D-BDB8-49E1-B79E-97152D372798} = {8E95942B-8BF1-4861-873E-63D760F8681B}
		{4AD59709-AFB6-4B65-9675-BD152962F828} = {F672A220-A238-41F7-A165-C7C60654FAC1}
		{20CE8D69-2670-4A8C-825A-51AAA011BD2A} = {827F6207-9383-4600-9E91-F1033D0E6954}
		{970E01BF-E2B8-4F9F-8383-E790EADF11F4} = {FBC96FB5-93AB-4D10-A2BE-8E6F25D7A072}
		{26C08473-E1DF-4071-88EE-3C61B9FE1073} = {FBC96FB5-93AB-4D10-A2BE-8E6F25D7A072}
		{31FE3758-2665-440C-A9C0-2B5263260124} = {815B77B1-B5A0-4767-AC81-51621B76B044}
		{C55343A9-2FB0-4CF6-BC8A-0237F6F83146} = {DEEE1F3E-4EE6-4911-89EE-F2815ACD16C3}
		{25904EB3-291F-44F0-B349-0B975A5C56CE} = {DEEE1F3E-4EE6-4911-89EE-F2815ACD16C3}
		{57C17E33-9F9A-4D52-8670-8161991785AC} = {84B25ED7-3706-48BB-8393-C63D0D8E562C}
		{A9DE5AA9-D8D0-4F1B-B251-5090C82BAB1E} = {B31AF237-57B5-4977-B922-0B5CA150A871}
		{E9F7D2B1-8FC2-49D7-979C-7FC36E441F3E} = {228DEC74-D23D-4B99-9CEB-13D008ECCD86}
		{3FA908C6-5CC9-47CD-87BE-5EA337989592} = {3C86670D-F5F9-4FD0-83D8-AEF4E4EC9A99}
		{9CEE1998-C5E5-4901-82EF-59FBA97662BD} = {BE260F1C-C26F-4404-B5CB-38A6960AC837}
		{E816EB72-E789-4C33-94C6-5E95048B5AA7} = {765792B4-F170-4491-8B1F-90DCACA13107}
		{E9079C57-4221-475A-B76F-34662AC9F662} = {3DA1CFFC-6338-47E0-86E3-F858EE4D9E22}
	EndGlobalSection
	GlobalSection(ExtensibilityGlobals) = postSolution
		SolutionGuid = {5CF2CFBC-0922-434B-B161-4B3A828F0255}
	EndGlobalSection
EndGlobal
